// !$*UTF8*$!
{
	archiveVersion = 1;
	classes = {
	};
	objectVersion = 46;
	objects = {

/* Begin PBXBuildFile section */
		9E1EC8071D7EECD00050A74A /* FeedModel.swift in Sources */ = {isa = PBXBuildFile; fileRef = 9E1EC8061D7EECD00050A74A /* FeedModel.swift */; };
		9E1EC8091D7EEEAC0050A74A /* ArticleModel.swift in Sources */ = {isa = PBXBuildFile; fileRef = 9E1EC8081D7EEEAC0050A74A /* ArticleModel.swift */; };
		9E4DAFA81D79BCD7008D46F5 /* AppDelegate.swift in Sources */ = {isa = PBXBuildFile; fileRef = 9E4DAFA71D79BCD7008D46F5 /* AppDelegate.swift */; };
		9E4DAFAD1D79BCD7008D46F5 /* Main.storyboard in Resources */ = {isa = PBXBuildFile; fileRef = 9E4DAFAB1D79BCD7008D46F5 /* Main.storyboard */; };
		9E4DAFB01D79BCD7008D46F5 /* TutsPlus_SwiftReader.xcdatamodeld in Sources */ = {isa = PBXBuildFile; fileRef = 9E4DAFAE1D79BCD7008D46F5 /* TutsPlus_SwiftReader.xcdatamodeld */; };
		9E4DAFB21D79BCD7008D46F5 /* Assets.xcassets in Resources */ = {isa = PBXBuildFile; fileRef = 9E4DAFB11D79BCD7008D46F5 /* Assets.xcassets */; };
		9E4DAFB51D79BCD7008D46F5 /* LaunchScreen.storyboard in Resources */ = {isa = PBXBuildFile; fileRef = 9E4DAFB31D79BCD7008D46F5 /* LaunchScreen.storyboard */; };
		9E4E262E1D903EFF00AAEC95 /* Article+CoreDataProperties.swift in Sources */ = {isa = PBXBuildFile; fileRef = 9E4E262A1D903EFF00AAEC95 /* Article+CoreDataProperties.swift */; };
		9E4E262F1D903EFF00AAEC95 /* Article.swift in Sources */ = {isa = PBXBuildFile; fileRef = 9E4E262B1D903EFF00AAEC95 /* Article.swift */; };
		9E4E26301D903EFF00AAEC95 /* Feed+CoreDataProperties.swift in Sources */ = {isa = PBXBuildFile; fileRef = 9E4E262C1D903EFF00AAEC95 /* Feed+CoreDataProperties.swift */; };
		9E4E26311D903EFF00AAEC95 /* Feed.swift in Sources */ = {isa = PBXBuildFile; fileRef = 9E4E262D1D903EFF00AAEC95 /* Feed.swift */; };
		9ED660B11D7DB1F4008A2D93 /* FeedsTableViewController.swift in Sources */ = {isa = PBXBuildFile; fileRef = 9ED660B01D7DB1F4008A2D93 /* FeedsTableViewController.swift */; };
		9ED660B31D7DB37C008A2D93 /* ArticlesTableViewController.swift in Sources */ = {isa = PBXBuildFile; fileRef = 9ED660B21D7DB37C008A2D93 /* ArticlesTableViewController.swift */; };
		9ED660B91D7DB55E008A2D93 /* WebViewController.swift in Sources */ = {isa = PBXBuildFile; fileRef = 9ED660B81D7DB55E008A2D93 /* WebViewController.swift */; };
		9EDB14641D8C5F5200680B4D /* AddFeedViewController.swift in Sources */ = {isa = PBXBuildFile; fileRef = 9EDB14631D8C5F5200680B4D /* AddFeedViewController.swift */; };
/* End PBXBuildFile section */

/* Begin PBXFileReference section */
		9E1EC8061D7EECD00050A74A /* FeedModel.swift */ = {isa = PBXFileReference; fileEncoding = 4; lastKnownFileType = sourcecode.swift; path = FeedModel.swift; sourceTree = "<group>"; };
		9E1EC8081D7EEEAC0050A74A /* ArticleModel.swift */ = {isa = PBXFileReference; fileEncoding = 4; lastKnownFileType = sourcecode.swift; path = ArticleModel.swift; sourceTree = "<group>"; };
		9E4DAFA41D79BCD7008D46F5 /* TutsPlus-SwiftReader.app */ = {isa = PBXFileReference; explicitFileType = wrapper.application; includeInIndex = 0; path = "TutsPlus-SwiftReader.app"; sourceTree = BUILT_PRODUCTS_DIR; };
		9E4DAFA71D79BCD7008D46F5 /* AppDelegate.swift */ = {isa = PBXFileReference; lastKnownFileType = sourcecode.swift; path = AppDelegate.swift; sourceTree = "<group>"; };
		9E4DAFAC1D79BCD7008D46F5 /* Base */ = {isa = PBXFileReference; lastKnownFileType = file.storyboard; name = Base; path = Base.lproj/Main.storyboard; sourceTree = "<group>"; };
		9E4DAFAF1D79BCD7008D46F5 /* TutsPlus_SwiftReader.xcdatamodel */ = {isa = PBXFileReference; lastKnownFileType = wrapper.xcdatamodel; path = TutsPlus_SwiftReader.xcdatamodel; sourceTree = "<group>"; };
		9E4DAFB11D79BCD7008D46F5 /* Assets.xcassets */ = {isa = PBXFileReference; lastKnownFileType = folder.assetcatalog; path = Assets.xcassets; sourceTree = "<group>"; };
		9E4DAFB41D79BCD7008D46F5 /* Base */ = {isa = PBXFileReference; lastKnownFileType = file.storyboard; name = Base; path = Base.lproj/LaunchScreen.storyboard; sourceTree = "<group>"; };
		9E4DAFB61D79BCD7008D46F5 /* Info.plist */ = {isa = PBXFileReference; lastKnownFileType = text.plist.xml; path = Info.plist; sourceTree = "<group>"; };
		9E4E262A1D903EFF00AAEC95 /* Article+CoreDataProperties.swift */ = {isa = PBXFileReference; fileEncoding = 4; lastKnownFileType = sourcecode.swift; path = "Article+CoreDataProperties.swift"; sourceTree = "<group>"; };
		9E4E262B1D903EFF00AAEC95 /* Article.swift */ = {isa = PBXFileReference; fileEncoding = 4; lastKnownFileType = sourcecode.swift; path = Article.swift; sourceTree = "<group>"; };
		9E4E262C1D903EFF00AAEC95 /* Feed+CoreDataProperties.swift */ = {isa = PBXFileReference; fileEncoding = 4; lastKnownFileType = sourcecode.swift; path = "Feed+CoreDataProperties.swift"; sourceTree = "<group>"; };
		9E4E262D1D903EFF00AAEC95 /* Feed.swift */ = {isa = PBXFileReference; fileEncoding = 4; lastKnownFileType = sourcecode.swift; path = Feed.swift; sourceTree = "<group>"; };
		9ED660B01D7DB1F4008A2D93 /* FeedsTableViewController.swift */ = {isa = PBXFileReference; fileEncoding = 4; lastKnownFileType = sourcecode.swift; path = FeedsTableViewController.swift; sourceTree = "<group>"; };
		9ED660B21D7DB37C008A2D93 /* ArticlesTableViewController.swift */ = {isa = PBXFileReference; fileEncoding = 4; lastKnownFileType = sourcecode.swift; path = ArticlesTableViewController.swift; sourceTree = "<group>"; };
		9ED660B81D7DB55E008A2D93 /* WebViewController.swift */ = {isa = PBXFileReference; fileEncoding = 4; lastKnownFileType = sourcecode.swift; path = WebViewController.swift; sourceTree = "<group>"; };
		9EDB14631D8C5F5200680B4D /* AddFeedViewController.swift */ = {isa = PBXFileReference; fileEncoding = 4; lastKnownFileType = sourcecode.swift; path = AddFeedViewController.swift; sourceTree = "<group>"; };
/* End PBXFileReference section */

/* Begin PBXFrameworksBuildPhase section */
		9E4DAFA11D79BCD7008D46F5 /* Frameworks */ = {
			isa = PBXFrameworksBuildPhase;
			buildActionMask = 2147483647;
			files = (
			);
			runOnlyForDeploymentPostprocessing = 0;
		};
/* End PBXFrameworksBuildPhase section */

/* Begin PBXGroup section */
		9E4DAF9B1D79BCD7008D46F5 = {
			isa = PBXGroup;
			children = (
				9E4DAFA61D79BCD7008D46F5 /* TutsPlus-SwiftReader */,
				9E4DAFA51D79BCD7008D46F5 /* Products */,
			);
			sourceTree = "<group>";
		};
		9E4DAFA51D79BCD7008D46F5 /* Products */ = {
			isa = PBXGroup;
			children = (
				9E4DAFA41D79BCD7008D46F5 /* TutsPlus-SwiftReader.app */,
			);
			name = Products;
			sourceTree = "<group>";
		};
		9E4DAFA61D79BCD7008D46F5 /* TutsPlus-SwiftReader */ = {
			isa = PBXGroup;
			children = (
				9E4E262A1D903EFF00AAEC95 /* Article+CoreDataProperties.swift */,
				9E4E262B1D903EFF00AAEC95 /* Article.swift */,
				9E4E262C1D903EFF00AAEC95 /* Feed+CoreDataProperties.swift */,
				9E4E262D1D903EFF00AAEC95 /* Feed.swift */,
				9E4DAFA71D79BCD7008D46F5 /* AppDelegate.swift */,
				9E4DAFAB1D79BCD7008D46F5 /* Main.storyboard */,
				9E4DAFB11D79BCD7008D46F5 /* Assets.xcassets */,
				9E4DAFB31D79BCD7008D46F5 /* LaunchScreen.storyboard */,
				9E4DAFB61D79BCD7008D46F5 /* Info.plist */,
				9E4DAFAE1D79BCD7008D46F5 /* TutsPlus_SwiftReader.xcdatamodeld */,
				9ED660B01D7DB1F4008A2D93 /* FeedsTableViewController.swift */,
				9ED660B21D7DB37C008A2D93 /* ArticlesTableViewController.swift */,
				9ED660B81D7DB55E008A2D93 /* WebViewController.swift */,
				9E1EC8061D7EECD00050A74A /* FeedModel.swift */,
				9E1EC8081D7EEEAC0050A74A /* ArticleModel.swift */,
				9EDB14631D8C5F5200680B4D /* AddFeedViewController.swift */,
			);
			path = "TutsPlus-SwiftReader";
			sourceTree = "<group>";
		};
/* End PBXGroup section */

/* Begin PBXNativeTarget section */
		9E4DAFA31D79BCD7008D46F5 /* TutsPlus-SwiftReader */ = {
			isa = PBXNativeTarget;
			buildConfigurationList = 9E4DAFB91D79BCD7008D46F5 /* Build configuration list for PBXNativeTarget "TutsPlus-SwiftReader" */;
			buildPhases = (
				9E4DAFA01D79BCD7008D46F5 /* Sources */,
				9E4DAFA11D79BCD7008D46F5 /* Frameworks */,
				9E4DAFA21D79BCD7008D46F5 /* Resources */,
			);
			buildRules = (
			);
			dependencies = (
			);
			name = "TutsPlus-SwiftReader";
			productName = "TutsPlus-SwiftReader";
			productReference = 9E4DAFA41D79BCD7008D46F5 /* TutsPlus-SwiftReader.app */;
			productType = "com.apple.product-type.application";
		};
/* End PBXNativeTarget section */

/* Begin PBXProject section */
		9E4DAF9C1D79BCD7008D46F5 /* Project object */ = {
			isa = PBXProject;
			attributes = {
				LastSwiftUpdateCheck = 0730;
				LastUpgradeCheck = 0730;
				ORGANIZATIONNAME = "Yan Malinovsky";
				TargetAttributes = {
					9E4DAFA31D79BCD7008D46F5 = {
						CreatedOnToolsVersion = 7.3;
						DevelopmentTeam = PSLRJ6EG6T;
						LastSwiftMigration = 0800;
					};
				};
			};
			buildConfigurationList = 9E4DAF9F1D79BCD7008D46F5 /* Build configuration list for PBXProject "TutsPlus-SwiftReader" */;
			compatibilityVersion = "Xcode 3.2";
			developmentRegion = English;
			hasScannedForEncodings = 0;
			knownRegions = (
				en,
				Base,
			);
			mainGroup = 9E4DAF9B1D79BCD7008D46F5;
			productRefGroup = 9E4DAFA51D79BCD7008D46F5 /* Products */;
			projectDirPath = "";
			projectRoot = "";
			targets = (
				9E4DAFA31D79BCD7008D46F5 /* TutsPlus-SwiftReader */,
			);
		};
/* End PBXProject section */

/* Begin PBXResourcesBuildPhase section */
		9E4DAFA21D79BCD7008D46F5 /* Resources */ = {
			isa = PBXResourcesBuildPhase;
			buildActionMask = 2147483647;
			files = (
				9E4DAFB51D79BCD7008D46F5 /* LaunchScreen.storyboard in Resources */,
				9E4DAFB21D79BCD7008D46F5 /* Assets.xcassets in Resources */,
				9E4DAFAD1D79BCD7008D46F5 /* Main.storyboard in Resources */,
			);
			runOnlyForDeploymentPostprocessing = 0;
		};
/* End PBXResourcesBuildPhase section */

/* Begin PBXSourcesBuildPhase section */
		9E4DAFA01D79BCD7008D46F5 /* Sources */ = {
			isa = PBXSourcesBuildPhase;
			buildActionMask = 2147483647;
			files = (
				9E4DAFB01D79BCD7008D46F5 /* TutsPlus_SwiftReader.xcdatamodeld in Sources */,
				9E4E26311D903EFF00AAEC95 /* Feed.swift in Sources */,
				9E4E26301D903EFF00AAEC95 /* Feed+CoreDataProperties.swift in Sources */,
				9E1EC8071D7EECD00050A74A /* FeedModel.swift in Sources */,
				9E4E262E1D903EFF00AAEC95 /* Article+CoreDataProperties.swift in Sources */,
				9EDB14641D8C5F5200680B4D /* AddFeedViewController.swift in Sources */,
				9E4E262F1D903EFF00AAEC95 /* Article.swift in Sources */,
				9ED660B11D7DB1F4008A2D93 /* FeedsTableViewController.swift in Sources */,
				9ED660B31D7DB37C008A2D93 /* ArticlesTableViewController.swift in Sources */,
				9ED660B91D7DB55E008A2D93 /* WebViewController.swift in Sources */,
				9E1EC8091D7EEEAC0050A74A /* ArticleModel.swift in Sources */,
				9E4DAFA81D79BCD7008D46F5 /* AppDelegate.swift in Sources */,
			);
			runOnlyForDeploymentPostprocessing = 0;
		};
/* End PBXSourcesBuildPhase section */

/* Begin PBXVariantGroup section */
		9E4DAFAB1D79BCD7008D46F5 /* Main.storyboard */ = {
			isa = PBXVariantGroup;
			children = (
				9E4DAFAC1D79BCD7008D46F5 /* Base */,
			);
			name = Main.storyboard;
			sourceTree = "<group>";
		};
		9E4DAFB31D79BCD7008D46F5 /* LaunchScreen.storyboard */ = {
			isa = PBXVariantGroup;
			children = (
				9E4DAFB41D79BCD7008D46F5 /* Base */,
			);
			name = LaunchScreen.storyboard;
			sourceTree = "<group>";
		};
/* End PBXVariantGroup section */

/* Begin XCBuildConfiguration section */
		9E4DAFB71D79BCD7008D46F5 /* Debug */ = {
			isa = XCBuildConfiguration;
			buildSettings = {
				ALWAYS_SEARCH_USER_PATHS = NO;
				CLANG_ANALYZER_NONNULL = YES;
				CLANG_CXX_LANGUAGE_STANDARD = "gnu++0x";
				CLANG_CXX_LIBRARY = "libc++";
				CLANG_ENABLE_MODULES = YES;
				CLANG_ENABLE_OBJC_ARC = YES;
				CLANG_WARN_BOOL_CONVERSION = YES;
				CLANG_WARN_CONSTANT_CONVERSION = YES;
				CLANG_WARN_DIRECT_OBJC_ISA_USAGE = YES_ERROR;
				CLANG_WARN_EMPTY_BODY = YES;
				CLANG_WARN_ENUM_CONVERSION = YES;
				CLANG_WARN_INT_CONVERSION = YES;
				CLANG_WARN_OBJC_ROOT_CLASS = YES_ERROR;
				CLANG_WARN_UNREACHABLE_CODE = YES;
				CLANG_WARN__DUPLICATE_METHOD_MATCH = YES;
				"CODE_SIGN_IDENTITY[sdk=iphoneos*]" = "iPhone Developer";
				COPY_PHASE_STRIP = NO;
				DEBUG_INFORMATION_FORMAT = dwarf;
				ENABLE_STRICT_OBJC_MSGSEND = YES;
				ENABLE_TESTABILITY = YES;
				GCC_C_LANGUAGE_STANDARD = gnu99;
				GCC_DYNAMIC_NO_PIC = NO;
				GCC_NO_COMMON_BLOCKS = YES;
				GCC_OPTIMIZATION_LEVEL = 0;
				GCC_PREPROCESSOR_DEFINITIONS = (
					"DEBUG=1",
					"$(inherited)",
				);
				GCC_WARN_64_TO_32_BIT_CONVERSION = YES;
				GCC_WARN_ABOUT_RETURN_TYPE = YES_ERROR;
				GCC_WARN_UNDECLARED_SELECTOR = YES;
				GCC_WARN_UNINITIALIZED_AUTOS = YES_AGGRESSIVE;
				GCC_WARN_UNUSED_FUNCTION = YES;
				GCC_WARN_UNUSED_VARIABLE = YES;
				IPHONEOS_DEPLOYMENT_TARGET = 9.3;
				MTL_ENABLE_DEBUG_INFO = YES;
				ONLY_ACTIVE_ARCH = YES;
				SDKROOT = iphoneos;
				SWIFT_OPTIMIZATION_LEVEL = "-Onone";
			};
			name = Debug;
		};
		9E4DAFB81D79BCD7008D46F5 /* Release */ = {
			isa = XCBuildConfiguration;
			buildSettings = {
				ALWAYS_SEARCH_USER_PATHS = NO;
				CLANG_ANALYZER_NONNULL = YES;
				CLANG_CXX_LANGUAGE_STANDARD = "gnu++0x";
				CLANG_CXX_LIBRARY = "libc++";
				CLANG_ENABLE_MODULES = YES;
				CLANG_ENABLE_OBJC_ARC = YES;
				CLANG_WARN_BOOL_CONVERSION = YES;
				CLANG_WARN_CONSTANT_CONVERSION = YES;
				CLANG_WARN_DIRECT_OBJC_ISA_USAGE = YES_ERROR;
				CLANG_WARN_EMPTY_BODY = YES;
				CLANG_WARN_ENUM_CONVERSION = YES;
				CLANG_WARN_INT_CONVERSION = YES;
				CLANG_WARN_OBJC_ROOT_CLASS = YES_ERROR;
				CLANG_WARN_UNREACHABLE_CODE = YES;
				CLANG_WARN__DUPLICATE_METHOD_MATCH = YES;
				"CODE_SIGN_IDENTITY[sdk=iphoneos*]" = "iPhone Developer";
				COPY_PHASE_STRIP = NO;
				DEBUG_INFORMATION_FORMAT = "dwarf-with-dsym";
				ENABLE_NS_ASSERTIONS = NO;
				ENABLE_STRICT_OBJC_MSGSEND = YES;
				GCC_C_LANGUAGE_STANDARD = gnu99;
				GCC_NO_COMMON_BLOCKS = YES;
				GCC_WARN_64_TO_32_BIT_CONVERSION = YES;
				GCC_WARN_ABOUT_RETURN_TYPE = YES_ERROR;
				GCC_WARN_UNDECLARED_SELECTOR = YES;
				GCC_WARN_UNINITIALIZED_AUTOS = YES_AGGRESSIVE;
				GCC_WARN_UNUSED_FUNCTION = YES;
				GCC_WARN_UNUSED_VARIABLE = YES;
				IPHONEOS_DEPLOYMENT_TARGET = 9.3;
				MTL_ENABLE_DEBUG_INFO = NO;
				SDKROOT = iphoneos;
				VALIDATE_PRODUCT = YES;
			};
			name = Release;
		};
		9E4DAFBA1D79BCD7008D46F5 /* Debug */ = {
			isa = XCBuildConfiguration;
			buildSettings = {
				ASSETCATALOG_COMPILER_APPICON_NAME = AppIcon;
				INFOPLIST_FILE = "TutsPlus-SwiftReader/Info.plist";
				LD_RUNPATH_SEARCH_PATHS = "$(inherited) @executable_path/Frameworks";
				PRODUCT_BUNDLE_IDENTIFIER = "ymalinovsky.TutsPlus-SwiftReader";
				PRODUCT_NAME = "$(TARGET_NAME)";
				SWIFT_VERSION = 2.3;
			};
			name = Debug;
		};
		9E4DAFBB1D79BCD7008D46F5 /* Release */ = {
			isa = XCBuildConfiguration;
			buildSettings = {
				ASSETCATALOG_COMPILER_APPICON_NAME = AppIcon;
				INFOPLIST_FILE = "TutsPlus-SwiftReader/Info.plist";
				LD_RUNPATH_SEARCH_PATHS = "$(inherited) @executable_path/Frameworks";
				PRODUCT_BUNDLE_IDENTIFIER = "ymalinovsky.TutsPlus-SwiftReader";
				PRODUCT_NAME = "$(TARGET_NAME)";
				SWIFT_VERSION = 2.3;
			};
			name = Release;
		};
/* End XCBuildConfiguration section */

/* Begin XCConfigurationList section */
		9E4DAF9F1D79BCD7008D46F5 /* Build configuration list for PBXProject "TutsPlus-SwiftReader" */ = {
			isa = XCConfigurationList;
			buildConfigurations = (
				9E4DAFB71D79BCD7008D46F5 /* Debug */,
				9E4DAFB81D79BCD7008D46F5 /* Release */,
			);
			defaultConfigurationIsVisible = 0;
			defaultConfigurationName = Release;
		};
		9E4DAFB91D79BCD7008D46F5 /* Build configuration list for PBXNativeTarget "TutsPlus-SwiftReader" */ = {
			isa = XCConfigurationList;
			buildConfigurations = (
				9E4DAFBA1D79BCD7008D46F5 /* Debug */,
				9E4DAFBB1D79BCD7008D46F5 /* Release */,
			);
			defaultConfigurationIsVisible = 0;
			defaultConfigurationName = Release;
		};
/* End XCConfigurationList section */

/* Begin XCVersionGroup section */
		9E4DAFAE1D79BCD7008D46F5 /* TutsPlus_SwiftReader.xcdatamodeld */ = {
			isa = XCVersionGroup;
			children = (
				9E4DAFAF1D79BCD7008D46F5 /* TutsPlus_SwiftReader.xcdatamodel */,
			);
			currentVersion = 9E4DAFAF1D79BCD7008D46F5 /* TutsPlus_SwiftReader.xcdatamodel */;
			path = TutsPlus_SwiftReader.xcdatamodeld;
			sourceTree = "<group>";
			versionGroupType = wrapper.xcdatamodel;
		};
/* End XCVersionGroup section */
	};
	rootObject = 9E4DAF9C1D79BCD7008D46F5 /* Project object */;
}
